// !$*UTF8*$!
{
	archiveVersion = 1;
	classes = {
	};
	objectVersion = 46;
	objects = {

/* Begin PBXBuildFile section */
		80CDBD5D1DB57149002238BE /* AppDelegate.swift in Sources */ = {isa = PBXBuildFile; fileRef = 80CDBD5C1DB57149002238BE /* AppDelegate.swift */; };
		80CDBD5F1DB57149002238BE /* te.swift in Sources */ = {isa = PBXBuildFile; fileRef = 80CDBD5E1DB57149002238BE /* te.swift */; };
		80CDBD621DB57149002238BE /* Main.storyboard in Resources */ = {isa = PBXBuildFile; fileRef = 80CDBD601DB57149002238BE /* Main.storyboard */; };
		80CDBD641DB57149002238BE /* Assets.xcassets in Resources */ = {isa = PBXBuildFile; fileRef = 80CDBD631DB57149002238BE /* Assets.xcassets */; };
		80CDBD671DB57149002238BE /* LaunchScreen.storyboard in Resources */ = {isa = PBXBuildFile; fileRef = 80CDBD651DB57149002238BE /* LaunchScreen.storyboard */; };
		EA87B8CE1DB9748700831E61 /* Prashant.storyboard in Resources */ = {isa = PBXBuildFile; fileRef = EA87B8CD1DB9748700831E61 /* Prashant.storyboard */; };
		EA87B8D01DB9758000831E61 /* SBAddTest.storyboard in Resources */ = {isa = PBXBuildFile; fileRef = EA87B8CF1DB9758000831E61 /* SBAddTest.storyboard */; };
		EA87B8D21DB975E200831E61 /* PatientTableViewCell.swift in Sources */ = {isa = PBXBuildFile; fileRef = EA87B8D11DB975E200831E61 /* PatientTableViewCell.swift */; };
		EA87B8D41DB9762700831E61 /* SBListPatients.storyboard in Resources */ = {isa = PBXBuildFile; fileRef = EA87B8D31DB9762700831E61 /* SBListPatients.storyboard */; };
		EA87B8D61DB976D200831E61 /* Patient.swift in Sources */ = {isa = PBXBuildFile; fileRef = EA87B8D51DB976D200831E61 /* Patient.swift */; };
		EA87B8D81DB9778400831E61 /* CheckBox.swift in Sources */ = {isa = PBXBuildFile; fileRef = EA87B8D71DB9778400831E61 /* CheckBox.swift */; };
		EA87B8DA1DB9781400831E61 /* ViewController.swift in Sources */ = {isa = PBXBuildFile; fileRef = EA87B8D91DB9781400831E61 /* ViewController.swift */; };
		EA87B8DC1DB97A7C00831E61 /* search_screen.storyboard in Resources */ = {isa = PBXBuildFile; fileRef = EA87B8DB1DB97A7C00831E61 /* search_screen.storyboard */; };
/* End PBXBuildFile section */

/* Begin PBXFileReference section */
		80CDBD591DB57149002238BE /* HealthMatic.app */ = {isa = PBXFileReference; explicitFileType = wrapper.application; includeInIndex = 0; path = HealthMatic.app; sourceTree = BUILT_PRODUCTS_DIR; };
		80CDBD5C1DB57149002238BE /* AppDelegate.swift */ = {isa = PBXFileReference; lastKnownFileType = sourcecode.swift; path = AppDelegate.swift; sourceTree = "<group>"; };
		80CDBD5E1DB57149002238BE /* te.swift */ = {isa = PBXFileReference; lastKnownFileType = sourcecode.swift; path = te.swift; sourceTree = "<group>"; };
		80CDBD611DB57149002238BE /* Base */ = {isa = PBXFileReference; lastKnownFileType = file.storyboard; name = Base; path = Base.lproj/Main.storyboard; sourceTree = "<group>"; };
		80CDBD631DB57149002238BE /* Assets.xcassets */ = {isa = PBXFileReference; lastKnownFileType = folder.assetcatalog; path = Assets.xcassets; sourceTree = "<group>"; };
		80CDBD661DB57149002238BE /* Base */ = {isa = PBXFileReference; lastKnownFileType = file.storyboard; name = Base; path = Base.lproj/LaunchScreen.storyboard; sourceTree = "<group>"; };
		80CDBD681DB57149002238BE /* Info.plist */ = {isa = PBXFileReference; lastKnownFileType = text.plist.xml; path = Info.plist; sourceTree = "<group>"; };
		EA87B8CD1DB9748700831E61 /* Prashant.storyboard */ = {isa = PBXFileReference; fileEncoding = 4; lastKnownFileType = file.storyboard; path = Prashant.storyboard; sourceTree = "<group>"; };
		EA87B8CF1DB9758000831E61 /* SBAddTest.storyboard */ = {isa = PBXFileReference; fileEncoding = 4; lastKnownFileType = file.storyboard; name = SBAddTest.storyboard; path = ../../../../../Downloads/SBAddTest.storyboard; sourceTree = "<group>"; };
		EA87B8D11DB975E200831E61 /* PatientTableViewCell.swift */ = {isa = PBXFileReference; fileEncoding = 4; lastKnownFileType = sourcecode.swift; name = PatientTableViewCell.swift; path = ../../../../../Downloads/PatientTableViewCell.swift; sourceTree = "<group>"; };
		EA87B8D31DB9762700831E61 /* SBListPatients.storyboard */ = {isa = PBXFileReference; fileEncoding = 4; lastKnownFileType = file.storyboard; name = SBListPatients.storyboard; path = ../../../../../Downloads/SBListPatients.storyboard; sourceTree = "<group>"; };
		EA87B8D51DB976D200831E61 /* Patient.swift */ = {isa = PBXFileReference; fileEncoding = 4; lastKnownFileType = sourcecode.swift; name = Patient.swift; path = ../../../../../Downloads/Patient.swift; sourceTree = "<group>"; };
		EA87B8D71DB9778400831E61 /* CheckBox.swift */ = {isa = PBXFileReference; fileEncoding = 4; lastKnownFileType = sourcecode.swift; path = CheckBox.swift; sourceTree = "<group>"; };
		EA87B8D91DB9781400831E61 /* ViewController.swift */ = {isa = PBXFileReference; fileEncoding = 4; lastKnownFileType = sourcecode.swift; name = ViewController.swift; path = ../../../../../Downloads/ViewController.swift; sourceTree = "<group>"; };
		EA87B8DB1DB97A7C00831E61 /* search_screen.storyboard */ = {isa = PBXFileReference; fileEncoding = 4; lastKnownFileType = file.storyboard; name = search_screen.storyboard; path = ../../../../../Downloads/search_screen.storyboard; sourceTree = "<group>"; };
/* End PBXFileReference section */

/* Begin PBXFrameworksBuildPhase section */
		80CDBD561DB57149002238BE /* Frameworks */ = {
			isa = PBXFrameworksBuildPhase;
			buildActionMask = 2147483647;
			files = (
			);
			runOnlyForDeploymentPostprocessing = 0;
		};
/* End PBXFrameworksBuildPhase section */

/* Begin PBXGroup section */
		80CDBD501DB57148002238BE = {
			isa = PBXGroup;
			children = (
				80CDBD5B1DB57149002238BE /* HealthMatic */,
				80CDBD5A1DB57149002238BE /* Products */,
			);
			sourceTree = "<group>";
		};
		80CDBD5A1DB57149002238BE /* Products */ = {
			isa = PBXGroup;
			children = (
				80CDBD591DB57149002238BE /* HealthMatic.app */,
			);
			name = Products;
			sourceTree = "<group>";
		};
		80CDBD5B1DB57149002238BE /* HealthMatic */ = {
			isa = PBXGroup;
			children = (
				EA87B8DB1DB97A7C00831E61 /* search_screen.storyboard */,
				EA87B8D91DB9781400831E61 /* ViewController.swift */,
				EA87B8D51DB976D200831E61 /* Patient.swift */,
				EA87B8D31DB9762700831E61 /* SBListPatients.storyboard */,
				EA87B8D11DB975E200831E61 /* PatientTableViewCell.swift */,
				EA87B8CF1DB9758000831E61 /* SBAddTest.storyboard */,
				EA87B8CD1DB9748700831E61 /* Prashant.storyboard */,
				80CDBD5C1DB57149002238BE /* AppDelegate.swift */,
				80CDBD5E1DB57149002238BE /* te.swift */,
				80CDBD601DB57149002238BE /* Main.storyboard */,
				80CDBD631DB57149002238BE /* Assets.xcassets */,
				80CDBD651DB57149002238BE /* LaunchScreen.storyboard */,
				80CDBD681DB57149002238BE /* Info.plist */,
				EA87B8D71DB9778400831E61 /* CheckBox.swift */,
			);
			path = HealthMatic;
			sourceTree = "<group>";
		};
/* End PBXGroup section */

/* Begin PBXNativeTarget section */
		80CDBD581DB57149002238BE /* HealthMatic */ = {
			isa = PBXNativeTarget;
			buildConfigurationList = 80CDBD6B1DB57149002238BE /* Build configuration list for PBXNativeTarget "HealthMatic" */;
			buildPhases = (
				80CDBD551DB57149002238BE /* Sources */,
				80CDBD561DB57149002238BE /* Frameworks */,
				80CDBD571DB57149002238BE /* Resources */,
			);
			buildRules = (
			);
			dependencies = (
			);
			name = HealthMatic;
			productName = HealthMatic;
			productReference = 80CDBD591DB57149002238BE /* HealthMatic.app */;
			productType = "com.apple.product-type.application";
		};
/* End PBXNativeTarget section */

/* Begin PBXProject section */
		80CDBD511DB57148002238BE /* Project object */ = {
			isa = PBXProject;
			attributes = {
				LastSwiftUpdateCheck = 0730;
				LastUpgradeCheck = 0730;
				ORGANIZATIONNAME = "MAPD-SPY";
				TargetAttributes = {
					80CDBD581DB57149002238BE = {
						CreatedOnToolsVersion = 7.3.1;
						LastSwiftMigration = 0800;
					};
				};
			};
			buildConfigurationList = 80CDBD541DB57148002238BE /* Build configuration list for PBXProject "HealthMatic" */;
			compatibilityVersion = "Xcode 3.2";
			developmentRegion = English;
			hasScannedForEncodings = 0;
			knownRegions = (
				en,
				Base,
			);
			mainGroup = 80CDBD501DB57148002238BE;
			productRefGroup = 80CDBD5A1DB57149002238BE /* Products */;
			projectDirPath = "";
			projectRoot = "";
			targets = (
				80CDBD581DB57149002238BE /* HealthMatic */,
			);
		};
/* End PBXProject section */

/* Begin PBXResourcesBuildPhase section */
		80CDBD571DB57149002238BE /* Resources */ = {
			isa = PBXResourcesBuildPhase;
			buildActionMask = 2147483647;
			files = (
				80CDBD671DB57149002238BE /* LaunchScreen.storyboard in Resources */,
				EA87B8D01DB9758000831E61 /* SBAddTest.storyboard in Resources */,
				80CDBD641DB57149002238BE /* Assets.xcassets in Resources */,
				EA87B8D41DB9762700831E61 /* SBListPatients.storyboard in Resources */,
				EA87B8DC1DB97A7C00831E61 /* search_screen.storyboard in Resources */,
				80CDBD621DB57149002238BE /* Main.storyboard in Resources */,
				EA87B8CE1DB9748700831E61 /* Prashant.storyboard in Resources */,
			);
			runOnlyForDeploymentPostprocessing = 0;
		};
/* End PBXResourcesBuildPhase section */

/* Begin PBXSourcesBuildPhase section */
		80CDBD551DB57149002238BE /* Sources */ = {
			isa = PBXSourcesBuildPhase;
			buildActionMask = 2147483647;
			files = (
				EA87B8DA1DB9781400831E61 /* ViewController.swift in Sources */,
				EA87B8D21DB975E200831E61 /* PatientTableViewCell.swift in Sources */,
				EA87B8D61DB976D200831E61 /* Patient.swift in Sources */,
				80CDBD5F1DB57149002238BE /* te.swift in Sources */,
				80CDBD5D1DB57149002238BE /* AppDelegate.swift in Sources */,
				EA87B8D81DB9778400831E61 /* CheckBox.swift in Sources */,
			);
			runOnlyForDeploymentPostprocessing = 0;
		};
/* End PBXSourcesBuildPhase section */

/* Begin PBXVariantGroup section */
		80CDBD601DB57149002238BE /* Main.storyboard */ = {
			isa = PBXVariantGroup;
			children = (
				80CDBD611DB57149002238BE /* Base */,
			);
			name = Main.storyboard;
			sourceTree = "<group>";
		};
		80CDBD651DB57149002238BE /* LaunchScreen.storyboard */ = {
			isa = PBXVariantGroup;
			children = (
				80CDBD661DB57149002238BE /* Base */,
			);
			name = LaunchScreen.storyboard;
			sourceTree = "<group>";
		};
/* End PBXVariantGroup section */

/* Begin XCBuildConfiguration section */
		80CDBD691DB57149002238BE /* Debug */ = {
			isa = XCBuildConfiguration;
			buildSettings = {
				ALWAYS_SEARCH_USER_PATHS = NO;
				CLANG_ANALYZER_NONNULL = YES;
				CLANG_CXX_LANGUAGE_STANDARD = "gnu++0x";
				CLANG_CXX_LIBRARY = "libc++";
				CLANG_ENABLE_MODULES = YES;
				CLANG_ENABLE_OBJC_ARC = YES;
				CLANG_WARN_BOOL_CONVERSION = YES;
				CLANG_WARN_CONSTANT_CONVERSION = YES;
				CLANG_WARN_DIRECT_OBJC_ISA_USAGE = YES_ERROR;
				CLANG_WARN_EMPTY_BODY = YES;
				CLANG_WARN_ENUM_CONVERSION = YES;
				CLANG_WARN_INT_CONVERSION = YES;
				CLANG_WARN_OBJC_ROOT_CLASS = YES_ERROR;
				CLANG_WARN_UNREACHABLE_CODE = YES;
				CLANG_WARN__DUPLICATE_METHOD_MATCH = YES;
				"CODE_SIGN_IDENTITY[sdk=iphoneos*]" = "iPhone Developer";
				COPY_PHASE_STRIP = NO;
				DEBUG_INFORMATION_FORMAT = dwarf;
				ENABLE_STRICT_OBJC_MSGSEND = YES;
				ENABLE_TESTABILITY = YES;
				GCC_C_LANGUAGE_STANDARD = gnu99;
				GCC_DYNAMIC_NO_PIC = NO;
				GCC_NO_COMMON_BLOCKS = YES;
				GCC_OPTIMIZATION_LEVEL = 0;
				GCC_PREPROCESSOR_DEFINITIONS = (
					"DEBUG=1",
					"$(inherited)",
				);
				GCC_WARN_64_TO_32_BIT_CONVERSION = YES;
				GCC_WARN_ABOUT_RETURN_TYPE = YES_ERROR;
				GCC_WARN_UNDECLARED_SELECTOR = YES;
				GCC_WARN_UNINITIALIZED_AUTOS = YES_AGGRESSIVE;
				GCC_WARN_UNUSED_FUNCTION = YES;
				GCC_WARN_UNUSED_VARIABLE = YES;
				IPHONEOS_DEPLOYMENT_TARGET = 9.3;
				MTL_ENABLE_DEBUG_INFO = YES;
				ONLY_ACTIVE_ARCH = YES;
				SDKROOT = iphoneos;
				SWIFT_OPTIMIZATION_LEVEL = "-Onone";
			};
			name = Debug;
		};
		80CDBD6A1DB57149002238BE /* Release */ = {
			isa = XCBuildConfiguration;
			buildSettings = {
				ALWAYS_SEARCH_USER_PATHS = NO;
				CLANG_ANALYZER_NONNULL = YES;
				CLANG_CXX_LANGUAGE_STANDARD = "gnu++0x";
				CLANG_CXX_LIBRARY = "libc++";
				CLANG_ENABLE_MODULES = YES;
				CLANG_ENABLE_OBJC_ARC = YES;
				CLANG_WARN_BOOL_CONVERSION = YES;
				CLANG_WARN_CONSTANT_CONVERSION = YES;
				CLANG_WARN_DIRECT_OBJC_ISA_USAGE = YES_ERROR;
				CLANG_WARN_EMPTY_BODY = YES;
				CLANG_WARN_ENUM_CONVERSION = YES;
				CLANG_WARN_INT_CONVERSION = YES;
				CLANG_WARN_OBJC_ROOT_CLASS = YES_ERROR;
				CLANG_WARN_UNREACHABLE_CODE = YES;
				CLANG_WARN__DUPLICATE_METHOD_MATCH = YES;
				"CODE_SIGN_IDENTITY[sdk=iphoneos*]" = "iPhone Developer";
				COPY_PHASE_STRIP = NO;
				DEBUG_INFORMATION_FORMAT = "dwarf-with-dsym";
				ENABLE_NS_ASSERTIONS = NO;
				ENABLE_STRICT_OBJC_MSGSEND = YES;
				GCC_C_LANGUAGE_STANDARD = gnu99;
				GCC_NO_COMMON_BLOCKS = YES;
				GCC_WARN_64_TO_32_BIT_CONVERSION = YES;
				GCC_WARN_ABOUT_RETURN_TYPE = YES_ERROR;
				GCC_WARN_UNDECLARED_SELECTOR = YES;
				GCC_WARN_UNINITIALIZED_AUTOS = YES_AGGRESSIVE;
				GCC_WARN_UNUSED_FUNCTION = YES;
				GCC_WARN_UNUSED_VARIABLE = YES;
				IPHONEOS_DEPLOYMENT_TARGET = 9.3;
				MTL_ENABLE_DEBUG_INFO = NO;
				SDKROOT = iphoneos;
				VALIDATE_PRODUCT = YES;
			};
			name = Release;
		};
		80CDBD6C1DB57149002238BE /* Debug */ = {
			isa = XCBuildConfiguration;
			buildSettings = {
				ASSETCATALOG_COMPILER_APPICON_NAME = AppIcon;
				INFOPLIST_FILE = HealthMatic/Info.plist;
				LD_RUNPATH_SEARCH_PATHS = "$(inherited) @executable_path/Frameworks";
				PRODUCT_BUNDLE_IDENTIFIER = mapd.spy.HealthMatic;
				PRODUCT_NAME = "$(TARGET_NAME)";
				SWIFT_VERSION = 3.0;
			};
			name = Debug;
		};
		80CDBD6D1DB57149002238BE /* Release */ = {
			isa = XCBuildConfiguration;
			buildSettings = {
				ASSETCATALOG_COMPILER_APPICON_NAME = AppIcon;
				INFOPLIST_FILE = HealthMatic/Info.plist;
				LD_RUNPATH_SEARCH_PATHS = "$(inherited) @executable_path/Frameworks";
				PRODUCT_BUNDLE_IDENTIFIER = mapd.spy.HealthMatic;
				PRODUCT_NAME = "$(TARGET_NAME)";
				SWIFT_VERSION = 3.0;
			};
			name = Release;
		};
/* End XCBuildConfiguration section */

/* Begin XCConfigurationList section */
		80CDBD541DB57148002238BE /* Build configuration list for PBXProject "HealthMatic" */ = {
			isa = XCConfigurationList;
			buildConfigurations = (
				80CDBD691DB57149002238BE /* Debug */,
				80CDBD6A1DB57149002238BE /* Release */,
			);
			defaultConfigurationIsVisible = 0;
			defaultConfigurationName = Release;
		};
		80CDBD6B1DB57149002238BE /* Build configuration list for PBXNativeTarget "HealthMatic" */ = {
			isa = XCConfigurationList;
			buildConfigurations = (
				80CDBD6C1DB57149002238BE /* Debug */,
				80CDBD6D1DB57149002238BE /* Release */,
			);
			defaultConfigurationIsVisible = 0;
			defaultConfigurationName = Release;
		};
/* End XCConfigurationList section */
	};
	rootObject = 80CDBD511DB57148002238BE /* Project object */;
}
